
Microsoft Visual Studio Solution File, Format Version 12.00
# Visual Studio Version 17
VisualStudioVersion = 17.6.33829.357
MinimumVisualStudioVersion = 10.0.40219.1
Project("{FAE04EC0-301F-11D3-BF4B-00C04F79EFBC}") = "Devarc.Lib.Common", "Devarc.Lib.Common\Devarc.Lib.Common.csproj", "{7DAEBE49-FB0D-4269-AFCD-6A8C93262347}"
EndProject
Project("{FAE04EC0-301F-11D3-BF4B-00C04F79EFBC}") = "Devarc.Tools.IDL", "Devarc.Tools.IDL\Devarc.Tools.IDL.csproj", "{908F2EE8-7BE5-44CE-862B-37EAEBBE317F}"
EndProject
Project("{FAE04EC0-301F-11D3-BF4B-00C04F79EFBC}") = "Devarc.Lib.Server", "Devarc.Lib.Server\Devarc.Lib.Server.csproj", "{6FE76F73-DEF0-41A8-8841-2DA29B01429B}"
EndProject
Project("{FAE04EC0-301F-11D3-BF4B-00C04F79EFBC}") = "Devarc.Tools.TableBuilder", "Devarc.Tools.TableBuilder\Devarc.Tools.TableBuilder.csproj", "{AACC7CE0-DDFC-4900-AD06-B16F193F430F}"
EndProject
Global
	GlobalSection(SolutionConfigurationPlatforms) = preSolution
		Debug_Ubuntu|Any CPU = Debug_Ubuntu|Any CPU
		Debug|Any CPU = Debug|Any CPU
		Release_Ubuntu|Any CPU = Release_Ubuntu|Any CPU
		Release|Any CPU = Release|Any CPU
	EndGlobalSection
	GlobalSection(ProjectConfigurationPlatforms) = postSolution
		{7DAEBE49-FB0D-4269-AFCD-6A8C93262347}.Debug_Ubuntu|Any CPU.ActiveCfg = Debug|Any CPU
		{7DAEBE49-FB0D-4269-AFCD-6A8C93262347}.Debug_Ubuntu|Any CPU.Build.0 = Debug|Any CPU
		{7DAEBE49-FB0D-4269-AFCD-6A8C93262347}.Debug|Any CPU.ActiveCfg = Debug|Any CPU
		{7DAEBE49-FB0D-4269-AFCD-6A8C93262347}.Debug|Any CPU.Build.0 = Debug|Any CPU
		{7DAEBE49-FB0D-4269-AFCD-6A8C93262347}.Release_Ubuntu|Any CPU.ActiveCfg = Debug|Any CPU
		{7DAEBE49-FB0D-4269-AFCD-6A8C93262347}.Release_Ubuntu|Any CPU.Build.0 = Debug|Any CPU
		{7DAEBE49-FB0D-4269-AFCD-6A8C93262347}.Release|Any CPU.ActiveCfg = Release|Any CPU
		{7DAEBE49-FB0D-4269-AFCD-6A8C93262347}.Release|Any CPU.Build.0 = Release|Any CPU
		{908F2EE8-7BE5-44CE-862B-37EAEBBE317F}.Debug_Ubuntu|Any CPU.ActiveCfg = Debug|Any CPU
		{908F2EE8-7BE5-44CE-862B-37EAEBBE317F}.Debug_Ubuntu|Any CPU.Build.0 = Debug|Any CPU
		{908F2EE8-7BE5-44CE-862B-37EAEBBE317F}.Debug|Any CPU.ActiveCfg = Debug|Any CPU
		{908F2EE8-7BE5-44CE-862B-37EAEBBE317F}.Debug|Any CPU.Build.0 = Debug|Any CPU
		{908F2EE8-7BE5-44CE-862B-37EAEBBE317F}.Release_Ubuntu|Any CPU.ActiveCfg = Debug|Any CPU
		{908F2EE8-7BE5-44CE-862B-37EAEBBE317F}.Release_Ubuntu|Any CPU.Build.0 = Debug|Any CPU
		{908F2EE8-7BE5-44CE-862B-37EAEBBE317F}.Release|Any CPU.ActiveCfg = Release|Any CPU
		{908F2EE8-7BE5-44CE-862B-37EAEBBE317F}.Release|Any CPU.Build.0 = Release|Any CPU
		{6FE76F73-DEF0-41A8-8841-2DA29B01429B}.Debug_Ubuntu|Any CPU.ActiveCfg = Debug|Any CPU
		{6FE76F73-DEF0-41A8-8841-2DA29B01429B}.Debug_Ubuntu|Any CPU.Build.0 = Debug|Any CPU
		{6FE76F73-DEF0-41A8-8841-2DA29B01429B}.Debug|Any CPU.ActiveCfg = Debug|Any CPU
		{6FE76F73-DEF0-41A8-8841-2DA29B01429B}.Debug|Any CPU.Build.0 = Debug|Any CPU
		{6FE76F73-DEF0-41A8-8841-2DA29B01429B}.Release_Ubuntu|Any CPU.ActiveCfg = Debug|Any CPU
		{6FE76F73-DEF0-41A8-8841-2DA29B01429B}.Release_Ubuntu|Any CPU.Build.0 = Debug|Any CPU
		{6FE76F73-DEF0-41A8-8841-2DA29B01429B}.Release|Any CPU.ActiveCfg = Release|Any CPU
		{6FE76F73-DEF0-41A8-8841-2DA29B01429B}.Release|Any CPU.Build.0 = Release|Any CPU
		{AACC7CE0-DDFC-4900-AD06-B16F193F430F}.Debug_Ubuntu|Any CPU.ActiveCfg = Debug|Any CPU
		{AACC7CE0-DDFC-4900-AD06-B16F193F430F}.Debug_Ubuntu|Any CPU.Build.0 = Debug|Any CPU
		{AACC7CE0-DDFC-4900-AD06-B16F193F430F}.Debug|Any CPU.ActiveCfg = Debug|Any CPU
		{AACC7CE0-DDFC-4900-AD06-B16F193F430F}.Debug|Any CPU.Build.0 = Debug|Any CPU
		{AACC7CE0-DDFC-4900-AD06-B16F193F430F}.Release_Ubuntu|Any CPU.ActiveCfg = Debug|Any CPU
		{AACC7CE0-DDFC-4900-AD06-B16F193F430F}.Release_Ubuntu|Any CPU.Build.0 = Debug|Any CPU
		{AACC7CE0-DDFC-4900-AD06-B16F193F430F}.Release|Any CPU.ActiveCfg = Release|Any CPU
		{AACC7CE0-DDFC-4900-AD06-B16F193F430F}.Release|Any CPU.Build.0 = Release|Any CPU
	EndGlobalSection
	GlobalSection(SolutionProperties) = preSolution
		HideSolutionNode = FALSE
	EndGlobalSection
	GlobalSection(ExtensibilityGlobals) = postSolution
		SolutionGuid = {D7F41674-7484-45CB-B8B7-56DAD2E40019}
	EndGlobalSection
	GlobalSection(MonoDevelopProperties) = preSolution
		StartupItem = websocket-sharp\websocket-sharp.csproj
		Policies = $0
		$0.TextStylePolicy = $1
		$1.inheritsSet = null
		$1.scope = text/x-csharp
		$0.CSharpFormattingPolicy = $2
		$2.inheritsSet = Mono
		$2.inheritsScope = text/x-csharp
		$2.scope = text/x-csharp
	EndGlobalSection
EndGlobal
